// !$*UTF8*$!
{
	archiveVersion = 1;
	classes = {
	};
	objectVersion = 56;
	objects = {

/* Begin PBXBuildFile section */
		B0FBACBE2C46A8DF002FFFBA /* _00DS_P5_WordScrambleApp.swift in Sources */ = {isa = PBXBuildFile; fileRef = B0FBACBD2C46A8DF002FFFBA /* _00DS_P5_WordScrambleApp.swift */; };
		B0FBACC02C46A8DF002FFFBA /* ContentView.swift in Sources */ = {isa = PBXBuildFile; fileRef = B0FBACBF2C46A8DF002FFFBA /* ContentView.swift */; };
		B0FBACC22C46A8E3002FFFBA /* Assets.xcassets in Resources */ = {isa = PBXBuildFile; fileRef = B0FBACC12C46A8E3002FFFBA /* Assets.xcassets */; };
		B0FBACC52C46A8E3002FFFBA /* Preview Assets.xcassets in Resources */ = {isa = PBXBuildFile; fileRef = B0FBACC42C46A8E3002FFFBA /* Preview Assets.xcassets */; };
		B0FBACCF2C46A8E3002FFFBA /* _00DS_P5_WordScrambleTests.swift in Sources */ = {isa = PBXBuildFile; fileRef = B0FBACCE2C46A8E3002FFFBA /* _00DS_P5_WordScrambleTests.swift */; };
		B0FBACD92C46A8E3002FFFBA /* _00DS_P5_WordScrambleUITests.swift in Sources */ = {isa = PBXBuildFile; fileRef = B0FBACD82C46A8E3002FFFBA /* _00DS_P5_WordScrambleUITests.swift */; };
		B0FBACDB2C46A8E3002FFFBA /* _00DS_P5_WordScrambleUITestsLaunchTests.swift in Sources */ = {isa = PBXBuildFile; fileRef = B0FBACDA2C46A8E3002FFFBA /* _00DS_P5_WordScrambleUITestsLaunchTests.swift */; };
/* End PBXBuildFile section */

/* Begin PBXContainerItemProxy section */
		B0FBACCB2C46A8E3002FFFBA /* PBXContainerItemProxy */ = {
			isa = PBXContainerItemProxy;
			containerPortal = B0FBACB22C46A8DF002FFFBA /* Project object */;
			proxyType = 1;
			remoteGlobalIDString = B0FBACB92C46A8DF002FFFBA;
			remoteInfo = "100DS-P5-WordScramble";
		};
		B0FBACD52C46A8E3002FFFBA /* PBXContainerItemProxy */ = {
			isa = PBXContainerItemProxy;
			containerPortal = B0FBACB22C46A8DF002FFFBA /* Project object */;
			proxyType = 1;
			remoteGlobalIDString = B0FBACB92C46A8DF002FFFBA;
			remoteInfo = "100DS-P5-WordScramble";
		};
/* End PBXContainerItemProxy section */

/* Begin PBXFileReference section */
		B0FBACBA2C46A8DF002FFFBA /* 100DS-P5-WordScramble.app */ = {isa = PBXFileReference; explicitFileType = wrapper.application; includeInIndex = 0; path = "100DS-P5-WordScramble.app"; sourceTree = BUILT_PRODUCTS_DIR; };
		B0FBACBD2C46A8DF002FFFBA /* _00DS_P5_WordScrambleApp.swift */ = {isa = PBXFileReference; lastKnownFileType = sourcecode.swift; path = _00DS_P5_WordScrambleApp.swift; sourceTree = "<group>"; };
		B0FBACBF2C46A8DF002FFFBA /* ContentView.swift */ = {isa = PBXFileReference; lastKnownFileType = sourcecode.swift; path = ContentView.swift; sourceTree = "<group>"; };
		B0FBACC12C46A8E3002FFFBA /* Assets.xcassets */ = {isa = PBXFileReference; lastKnownFileType = folder.assetcatalog; path = Assets.xcassets; sourceTree = "<group>"; };
		B0FBACC42C46A8E3002FFFBA /* Preview Assets.xcassets */ = {isa = PBXFileReference; lastKnownFileType = folder.assetcatalog; path = "Preview Assets.xcassets"; sourceTree = "<group>"; };
		B0FBACCA2C46A8E3002FFFBA /* 100DS-P5-WordScrambleTests.xctest */ = {isa = PBXFileReference; explicitFileType = wrapper.cfbundle; includeInIndex = 0; path = "100DS-P5-WordScrambleTests.xctest"; sourceTree = BUILT_PRODUCTS_DIR; };
		B0FBACCE2C46A8E3002FFFBA /* _00DS_P5_WordScrambleTests.swift */ = {isa = PBXFileReference; lastKnownFileType = sourcecode.swift; path = _00DS_P5_WordScrambleTests.swift; sourceTree = "<group>"; };
		B0FBACD42C46A8E3002FFFBA /* 100DS-P5-WordScrambleUITests.xctest */ = {isa = PBXFileReference; explicitFileType = wrapper.cfbundle; includeInIndex = 0; path = "100DS-P5-WordScrambleUITests.xctest"; sourceTree = BUILT_PRODUCTS_DIR; };
		B0FBACD82C46A8E3002FFFBA /* _00DS_P5_WordScrambleUITests.swift */ = {isa = PBXFileReference; lastKnownFileType = sourcecode.swift; path = _00DS_P5_WordScrambleUITests.swift; sourceTree = "<group>"; };
		B0FBACDA2C46A8E3002FFFBA /* _00DS_P5_WordScrambleUITestsLaunchTests.swift */ = {isa = PBXFileReference; lastKnownFileType = sourcecode.swift; path = _00DS_P5_WordScrambleUITestsLaunchTests.swift; sourceTree = "<group>"; };
/* End PBXFileReference section */

/* Begin PBXFrameworksBuildPhase section */
		B0FBACB72C46A8DF002FFFBA /* Frameworks */ = {
			isa = PBXFrameworksBuildPhase;
			buildActionMask = 2147483647;
			files = (
			);
			runOnlyForDeploymentPostprocessing = 0;
		};
		B0FBACC72C46A8E3002FFFBA /* Frameworks */ = {
			isa = PBXFrameworksBuildPhase;
			buildActionMask = 2147483647;
			files = (
			);
			runOnlyForDeploymentPostprocessing = 0;
		};
		B0FBACD12C46A8E3002FFFBA /* Frameworks */ = {
			isa = PBXFrameworksBuildPhase;
			buildActionMask = 2147483647;
			files = (
			);
			runOnlyForDeploymentPostprocessing = 0;
		};
/* End PBXFrameworksBuildPhase section */

/* Begin PBXGroup section */
		B0FBACB12C46A8DF002FFFBA = {
			isa = PBXGroup;
			children = (
				B0FBACBC2C46A8DF002FFFBA /* 100DS-P5-WordScramble */,
				B0FBACCD2C46A8E3002FFFBA /* 100DS-P5-WordScrambleTests */,
				B0FBACD72C46A8E3002FFFBA /* 100DS-P5-WordScrambleUITests */,
				B0FBACBB2C46A8DF002FFFBA /* Products */,
			);
			sourceTree = "<group>";
		};
		B0FBACBB2C46A8DF002FFFBA /* Products */ = {
			isa = PBXGroup;
			children = (
				B0FBACBA2C46A8DF002FFFBA /* 100DS-P5-WordScramble.app */,
				B0FBACCA2C46A8E3002FFFBA /* 100DS-P5-WordScrambleTests.xctest */,
				B0FBACD42C46A8E3002FFFBA /* 100DS-P5-WordScrambleUITests.xctest */,
			);
			name = Products;
			sourceTree = "<group>";
		};
		B0FBACBC2C46A8DF002FFFBA /* 100DS-P5-WordScramble */ = {
			isa = PBXGroup;
			children = (
				B0FBACBD2C46A8DF002FFFBA /* _00DS_P5_WordScrambleApp.swift */,
				B0FBACBF2C46A8DF002FFFBA /* ContentView.swift */,
				B0FBACC12C46A8E3002FFFBA /* Assets.xcassets */,
				B0FBACC32C46A8E3002FFFBA /* Preview Content */,
			);
			path = "100DS-P5-WordScramble";
			sourceTree = "<group>";
		};
		B0FBACC32C46A8E3002FFFBA /* Preview Content */ = {
			isa = PBXGroup;
			children = (
				B0FBACC42C46A8E3002FFFBA /* Preview Assets.xcassets */,
			);
			path = "Preview Content";
			sourceTree = "<group>";
		};
		B0FBACCD2C46A8E3002FFFBA /* 100DS-P5-WordScrambleTests */ = {
			isa = PBXGroup;
			children = (
				B0FBACCE2C46A8E3002FFFBA /* _00DS_P5_WordScrambleTests.swift */,
			);
			path = "100DS-P5-WordScrambleTests";
			sourceTree = "<group>";
		};
		B0FBACD72C46A8E3002FFFBA /* 100DS-P5-WordScrambleUITests */ = {
			isa = PBXGroup;
			children = (
				B0FBACD82C46A8E3002FFFBA /* _00DS_P5_WordScrambleUITests.swift */,
				B0FBACDA2C46A8E3002FFFBA /* _00DS_P5_WordScrambleUITestsLaunchTests.swift */,
			);
			path = "100DS-P5-WordScrambleUITests";
			sourceTree = "<group>";
		};
/* End PBXGroup section */

/* Begin PBXNativeTarget section */
		B0FBACB92C46A8DF002FFFBA /* 100DS-P5-WordScramble */ = {
			isa = PBXNativeTarget;
			buildConfigurationList = B0FBACDE2C46A8E3002FFFBA /* Build configuration list for PBXNativeTarget "100DS-P5-WordScramble" */;
			buildPhases = (
				B0FBACB62C46A8DF002FFFBA /* Sources */,
				B0FBACB72C46A8DF002FFFBA /* Frameworks */,
				B0FBACB82C46A8DF002FFFBA /* Resources */,
			);
			buildRules = (
			);
			dependencies = (
			);
			name = "100DS-P5-WordScramble";
			productName = "100DS-P5-WordScramble";
			productReference = B0FBACBA2C46A8DF002FFFBA /* 100DS-P5-WordScramble.app */;
			productType = "com.apple.product-type.application";
		};
		B0FBACC92C46A8E3002FFFBA /* 100DS-P5-WordScrambleTests */ = {
			isa = PBXNativeTarget;
			buildConfigurationList = B0FBACE12C46A8E3002FFFBA /* Build configuration list for PBXNativeTarget "100DS-P5-WordScrambleTests" */;
			buildPhases = (
				B0FBACC62C46A8E3002FFFBA /* Sources */,
				B0FBACC72C46A8E3002FFFBA /* Frameworks */,
				B0FBACC82C46A8E3002FFFBA /* Resources */,
			);
			buildRules = (
			);
			dependencies = (
				B0FBACCC2C46A8E3002FFFBA /* PBXTargetDependency */,
			);
			name = "100DS-P5-WordScrambleTests";
			productName = "100DS-P5-WordScrambleTests";
			productReference = B0FBACCA2C46A8E3002FFFBA /* 100DS-P5-WordScrambleTests.xctest */;
			productType = "com.apple.product-type.bundle.unit-test";
		};
		B0FBACD32C46A8E3002FFFBA /* 100DS-P5-WordScrambleUITests */ = {
			isa = PBXNativeTarget;
			buildConfigurationList = B0FBACE42C46A8E3002FFFBA /* Build configuration list for PBXNativeTarget "100DS-P5-WordScrambleUITests" */;
			buildPhases = (
				B0FBACD02C46A8E3002FFFBA /* Sources */,
				B0FBACD12C46A8E3002FFFBA /* Frameworks */,
				B0FBACD22C46A8E3002FFFBA /* Resources */,
			);
			buildRules = (
			);
			dependencies = (
				B0FBACD62C46A8E3002FFFBA /* PBXTargetDependency */,
			);
			name = "100DS-P5-WordScrambleUITests";
			productName = "100DS-P5-WordScrambleUITests";
			productReference = B0FBACD42C46A8E3002FFFBA /* 100DS-P5-WordScrambleUITests.xctest */;
			productType = "com.apple.product-type.bundle.ui-testing";
		};
/* End PBXNativeTarget section */

/* Begin PBXProject section */
		B0FBACB22C46A8DF002FFFBA /* Project object */ = {
			isa = PBXProject;
			attributes = {
				BuildIndependentTargetsInParallel = 1;
				LastSwiftUpdateCheck = 1540;
				LastUpgradeCheck = 1540;
				TargetAttributes = {
					B0FBACB92C46A8DF002FFFBA = {
						CreatedOnToolsVersion = 15.4;
					};
					B0FBACC92C46A8E3002FFFBA = {
						CreatedOnToolsVersion = 15.4;
						TestTargetID = B0FBACB92C46A8DF002FFFBA;
					};
					B0FBACD32C46A8E3002FFFBA = {
						CreatedOnToolsVersion = 15.4;
						TestTargetID = B0FBACB92C46A8DF002FFFBA;
					};
				};
			};
			buildConfigurationList = B0FBACB52C46A8DF002FFFBA /* Build configuration list for PBXProject "100DS-P5-WordScramble" */;
			compatibilityVersion = "Xcode 14.0";
			developmentRegion = en;
			hasScannedForEncodings = 0;
			knownRegions = (
				en,
				Base,
			);
			mainGroup = B0FBACB12C46A8DF002FFFBA;
			productRefGroup = B0FBACBB2C46A8DF002FFFBA /* Products */;
			projectDirPath = "";
			projectRoot = "";
			targets = (
				B0FBACB92C46A8DF002FFFBA /* 100DS-P5-WordScramble */,
				B0FBACC92C46A8E3002FFFBA /* 100DS-P5-WordScrambleTests */,
				B0FBACD32C46A8E3002FFFBA /* 100DS-P5-WordScrambleUITests */,
			);
		};
/* End PBXProject section */

/* Begin PBXResourcesBuildPhase section */
		B0FBACB82C46A8DF002FFFBA /* Resources */ = {
			isa = PBXResourcesBuildPhase;
			buildActionMask = 2147483647;
			files = (
				B0FBACC52C46A8E3002FFFBA /* Preview Assets.xcassets in Resources */,
				B0FBACC22C46A8E3002FFFBA /* Assets.xcassets in Resources */,
			);
			runOnlyForDeploymentPostprocessing = 0;
		};
		B0FBACC82C46A8E3002FFFBA /* Resources */ = {
			isa = PBXResourcesBuildPhase;
			buildActionMask = 2147483647;
			files = (
			);
			runOnlyForDeploymentPostprocessing = 0;
		};
		B0FBACD22C46A8E3002FFFBA /* Resources */ = {
			isa = PBXResourcesBuildPhase;
			buildActionMask = 2147483647;
			files = (
			);
			runOnlyForDeploymentPostprocessing = 0;
		};
/* End PBXResourcesBuildPhase section */

/* Begin PBXSourcesBuildPhase section */
		B0FBACB62C46A8DF002FFFBA /* Sources */ = {
			isa = PBXSourcesBuildPhase;
			buildActionMask = 2147483647;
			files = (
				B0FBACC02C46A8DF002FFFBA /* ContentView.swift in Sources */,
				B0FBACBE2C46A8DF002FFFBA /* _00DS_P5_WordScrambleApp.swift in Sources */,
			);
			runOnlyForDeploymentPostprocessing = 0;
		};
		B0FBACC62C46A8E3002FFFBA /* Sources */ = {
			isa = PBXSourcesBuildPhase;
			buildActionMask = 2147483647;
			files = (
				B0FBACCF2C46A8E3002FFFBA /* _00DS_P5_WordScrambleTests.swift in Sources */,
			);
			runOnlyForDeploymentPostprocessing = 0;
		};
		B0FBACD02C46A8E3002FFFBA /* Sources */ = {
			isa = PBXSourcesBuildPhase;
			buildActionMask = 2147483647;
			files = (
				B0FBACD92C46A8E3002FFFBA /* _00DS_P5_WordScrambleUITests.swift in Sources */,
				B0FBACDB2C46A8E3002FFFBA /* _00DS_P5_WordScrambleUITestsLaunchTests.swift in Sources */,
			);
			runOnlyForDeploymentPostprocessing = 0;
		};
/* End PBXSourcesBuildPhase section */

/* Begin PBXTargetDependency section */
		B0FBACCC2C46A8E3002FFFBA /* PBXTargetDependency */ = {
			isa = PBXTargetDependency;
			target = B0FBACB92C46A8DF002FFFBA /* 100DS-P5-WordScramble */;
			targetProxy = B0FBACCB2C46A8E3002FFFBA /* PBXContainerItemProxy */;
		};
		B0FBACD62C46A8E3002FFFBA /* PBXTargetDependency */ = {
			isa = PBXTargetDependency;
			target = B0FBACB92C46A8DF002FFFBA /* 100DS-P5-WordScramble */;
			targetProxy = B0FBACD52C46A8E3002FFFBA /* PBXContainerItemProxy */;
		};
/* End PBXTargetDependency section */

/* Begin XCBuildConfiguration section */
		B0FBACDC2C46A8E3002FFFBA /* Debug */ = {
			isa = XCBuildConfiguration;
			buildSettings = {
				ALWAYS_SEARCH_USER_PATHS = NO;
				ASSETCATALOG_COMPILER_GENERATE_SWIFT_ASSET_SYMBOL_EXTENSIONS = YES;
				CLANG_ANALYZER_NONNULL = YES;
				CLANG_ANALYZER_NUMBER_OBJECT_CONVERSION = YES_AGGRESSIVE;
				CLANG_CXX_LANGUAGE_STANDARD = "gnu++20";
				CLANG_ENABLE_MODULES = YES;
				CLANG_ENABLE_OBJC_ARC = YES;
				CLANG_ENABLE_OBJC_WEAK = YES;
				CLANG_WARN_BLOCK_CAPTURE_AUTORELEASING = YES;
				CLANG_WARN_BOOL_CONVERSION = YES;
				CLANG_WARN_COMMA = YES;
				CLANG_WARN_CONSTANT_CONVERSION = YES;
				CLANG_WARN_DEPRECATED_OBJC_IMPLEMENTATIONS = YES;
				CLANG_WARN_DIRECT_OBJC_ISA_USAGE = YES_ERROR;
				CLANG_WARN_DOCUMENTATION_COMMENTS = YES;
				CLANG_WARN_EMPTY_BODY = YES;
				CLANG_WARN_ENUM_CONVERSION = YES;
				CLANG_WARN_INFINITE_RECURSION = YES;
				CLANG_WARN_INT_CONVERSION = YES;
				CLANG_WARN_NON_LITERAL_NULL_CONVERSION = YES;
				CLANG_WARN_OBJC_IMPLICIT_RETAIN_SELF = YES;
				CLANG_WARN_OBJC_LITERAL_CONVERSION = YES;
				CLANG_WARN_OBJC_ROOT_CLASS = YES_ERROR;
				CLANG_WARN_QUOTED_INCLUDE_IN_FRAMEWORK_HEADER = YES;
				CLANG_WARN_RANGE_LOOP_ANALYSIS = YES;
				CLANG_WARN_STRICT_PROTOTYPES = YES;
				CLANG_WARN_SUSPICIOUS_MOVE = YES;
				CLANG_WARN_UNGUARDED_AVAILABILITY = YES_AGGRESSIVE;
				CLANG_WARN_UNREACHABLE_CODE = YES;
				CLANG_WARN__DUPLICATE_METHOD_MATCH = YES;
				COPY_PHASE_STRIP = NO;
				DEBUG_INFORMATION_FORMAT = dwarf;
				ENABLE_STRICT_OBJC_MSGSEND = YES;
				ENABLE_TESTABILITY = YES;
				ENABLE_USER_SCRIPT_SANDBOXING = YES;
				GCC_C_LANGUAGE_STANDARD = gnu17;
				GCC_DYNAMIC_NO_PIC = NO;
				GCC_NO_COMMON_BLOCKS = YES;
				GCC_OPTIMIZATION_LEVEL = 0;
				GCC_PREPROCESSOR_DEFINITIONS = (
					"DEBUG=1",
					"$(inherited)",
				);
				GCC_WARN_64_TO_32_BIT_CONVERSION = YES;
				GCC_WARN_ABOUT_RETURN_TYPE = YES_ERROR;
				GCC_WARN_UNDECLARED_SELECTOR = YES;
				GCC_WARN_UNINITIALIZED_AUTOS = YES_AGGRESSIVE;
				GCC_WARN_UNUSED_FUNCTION = YES;
				GCC_WARN_UNUSED_VARIABLE = YES;
				IPHONEOS_DEPLOYMENT_TARGET = 17.5;
				LOCALIZATION_PREFERS_STRING_CATALOGS = YES;
				MTL_ENABLE_DEBUG_INFO = INCLUDE_SOURCE;
				MTL_FAST_MATH = YES;
				ONLY_ACTIVE_ARCH = YES;
				SDKROOT = iphoneos;
				SWIFT_ACTIVE_COMPILATION_CONDITIONS = "DEBUG $(inherited)";
				SWIFT_OPTIMIZATION_LEVEL = "-Onone";
			};
			name = Debug;
		};
		B0FBACDD2C46A8E3002FFFBA /* Release */ = {
			isa = XCBuildConfiguration;
			buildSettings = {
				ALWAYS_SEARCH_USER_PATHS = NO;
				ASSETCATALOG_COMPILER_GENERATE_SWIFT_ASSET_SYMBOL_EXTENSIONS = YES;
				CLANG_ANALYZER_NONNULL = YES;
				CLANG_ANALYZER_NUMBER_OBJECT_CONVERSION = YES_AGGRESSIVE;
				CLANG_CXX_LANGUAGE_STANDARD = "gnu++20";
				CLANG_ENABLE_MODULES = YES;
				CLANG_ENABLE_OBJC_ARC = YES;
				CLANG_ENABLE_OBJC_WEAK = YES;
				CLANG_WARN_BLOCK_CAPTURE_AUTORELEASING = YES;
				CLANG_WARN_BOOL_CONVERSION = YES;
				CLANG_WARN_COMMA = YES;
				CLANG_WARN_CONSTANT_CONVERSION = YES;
				CLANG_WARN_DEPRECATED_OBJC_IMPLEMENTATIONS = YES;
				CLANG_WARN_DIRECT_OBJC_ISA_USAGE = YES_ERROR;
				CLANG_WARN_DOCUMENTATION_COMMENTS = YES;
				CLANG_WARN_EMPTY_BODY = YES;
				CLANG_WARN_ENUM_CONVERSION = YES;
				CLANG_WARN_INFINITE_RECURSION = YES;
				CLANG_WARN_INT_CONVERSION = YES;
				CLANG_WARN_NON_LITERAL_NULL_CONVERSION = YES;
				CLANG_WARN_OBJC_IMPLICIT_RETAIN_SELF = YES;
				CLANG_WARN_OBJC_LITERAL_CONVERSION = YES;
				CLANG_WARN_OBJC_ROOT_CLASS = YES_ERROR;
				CLANG_WARN_QUOTED_INCLUDE_IN_FRAMEWORK_HEADER = YES;
				CLANG_WARN_RANGE_LOOP_ANALYSIS = YES;
				CLANG_WARN_STRICT_PROTOTYPES = YES;
				CLANG_WARN_SUSPICIOUS_MOVE = YES;
				CLANG_WARN_UNGUARDED_AVAILABILITY = YES_AGGRESSIVE;
				CLANG_WARN_UNREACHABLE_CODE = YES;
				CLANG_WARN__DUPLICATE_METHOD_MATCH = YES;
				COPY_PHASE_STRIP = NO;
				DEBUG_INFORMATION_FORMAT = "dwarf-with-dsym";
				ENABLE_NS_ASSERTIONS = NO;
				ENABLE_STRICT_OBJC_MSGSEND = YES;
				ENABLE_USER_SCRIPT_SANDBOXING = YES;
				GCC_C_LANGUAGE_STANDARD = gnu17;
				GCC_NO_COMMON_BLOCKS = YES;
				GCC_WARN_64_TO_32_BIT_CONVERSION = YES;
				GCC_WARN_ABOUT_RETURN_TYPE = YES_ERROR;
				GCC_WARN_UNDECLARED_SELECTOR = YES;
				GCC_WARN_UNINITIALIZED_AUTOS = YES_AGGRESSIVE;
				GCC_WARN_UNUSED_FUNCTION = YES;
				GCC_WARN_UNUSED_VARIABLE = YES;
				IPHONEOS_DEPLOYMENT_TARGET = 17.5;
				LOCALIZATION_PREFERS_STRING_CATALOGS = YES;
				MTL_ENABLE_DEBUG_INFO = NO;
				MTL_FAST_MATH = YES;
				SDKROOT = iphoneos;
				SWIFT_COMPILATION_MODE = wholemodule;
				VALIDATE_PRODUCT = YES;
			};
			name = Release;
		};
		B0FBACDF2C46A8E3002FFFBA /* Debug */ = {
			isa = XCBuildConfiguration;
			buildSettings = {
				ASSETCATALOG_COMPILER_APPICON_NAME = AppIcon;
				ASSETCATALOG_COMPILER_GLOBAL_ACCENT_COLOR_NAME = AccentColor;
				CODE_SIGN_STYLE = Automatic;
				CURRENT_PROJECT_VERSION = 1;
				DEVELOPMENT_ASSET_PATHS = "\"100DS-P5-WordScramble/Preview Content\"";
				DEVELOPMENT_TEAM = A32G58NZ3G;
				ENABLE_PREVIEWS = YES;
				GENERATE_INFOPLIST_FILE = YES;
				INFOPLIST_KEY_UIApplicationSceneManifest_Generation = YES;
				INFOPLIST_KEY_UIApplicationSupportsIndirectInputEvents = YES;
				INFOPLIST_KEY_UILaunchScreen_Generation = YES;
				INFOPLIST_KEY_UISupportedInterfaceOrientations_iPad = "UIInterfaceOrientationPortrait UIInterfaceOrientationPortraitUpsideDown UIInterfaceOrientationLandscapeLeft UIInterfaceOrientationLandscapeRight";
				INFOPLIST_KEY_UISupportedInterfaceOrientations_iPhone = "UIInterfaceOrientationPortrait UIInterfaceOrientationLandscapeLeft UIInterfaceOrientationLandscapeRight";
				LD_RUNPATH_SEARCH_PATHS = (
					"$(inherited)",
					"@executable_path/Frameworks",
				);
				MARKETING_VERSION = 1.0;
				PRODUCT_BUNDLE_IDENTIFIER = "com.ericasampson.-00DS-P5-WordScramble";
				PRODUCT_NAME = "$(TARGET_NAME)";
				SWIFT_EMIT_LOC_STRINGS = YES;
				SWIFT_VERSION = 5.0;
				TARGETED_DEVICE_FAMILY = "1,2";
			};
			name = Debug;
		};
		B0FBACE02C46A8E3002FFFBA /* Release */ = {
			isa = XCBuildConfiguration;
			buildSettings = {
				ASSETCATALOG_COMPILER_APPICON_NAME = AppIcon;
				ASSETCATALOG_COMPILER_GLOBAL_ACCENT_COLOR_NAME = AccentColor;
				CODE_SIGN_STYLE = Automatic;
				CURRENT_PROJECT_VERSION = 1;
				DEVELOPMENT_ASSET_PATHS = "\"100DS-P5-WordScramble/Preview Content\"";
				DEVELOPMENT_TEAM = A32G58NZ3G;
				ENABLE_PREVIEWS = YES;
				GENERATE_INFOPLIST_FILE = YES;
				INFOPLIST_KEY_UIApplicationSceneManifest_Generation = YES;
				INFOPLIST_KEY_UIApplicationSupportsIndirectInputEvents = YES;
				INFOPLIST_KEY_UILaunchScreen_Generation = YES;
				INFOPLIST_KEY_UISupportedInterfaceOrientations_iPad = "UIInterfaceOrientationPortrait UIInterfaceOrientationPortraitUpsideDown UIInterfaceOrientationLandscapeLeft UIInterfaceOrientationLandscapeRight";
				INFOPLIST_KEY_UISupportedInterfaceOrientations_iPhone = "UIInterfaceOrientationPortrait UIInterfaceOrientationLandscapeLeft UIInterfaceOrientationLandscapeRight";
				LD_RUNPATH_SEARCH_PATHS = (
					"$(inherited)",
					"@executable_path/Frameworks",
				);
				MARKETING_VERSION = 1.0;
				PRODUCT_BUNDLE_IDENTIFIER = "com.ericasampson.-00DS-P5-WordScramble";
				PRODUCT_NAME = "$(TARGET_NAME)";
				SWIFT_EMIT_LOC_STRINGS = YES;
				SWIFT_VERSION = 5.0;
				TARGETED_DEVICE_FAMILY = "1,2";
			};
			name = Release;
		};
		B0FBACE22C46A8E3002FFFBA /* Debug */ = {
			isa = XCBuildConfiguration;
			buildSettings = {
				ALWAYS_EMBED_SWIFT_STANDARD_LIBRARIES = YES;
				BUNDLE_LOADER = "$(TEST_HOST)";
				CODE_SIGN_STYLE = Automatic;
				CURRENT_PROJECT_VERSION = 1;
				DEVELOPMENT_TEAM = A32G58NZ3G;
				GENERATE_INFOPLIST_FILE = YES;
				IPHONEOS_DEPLOYMENT_TARGET = 17.5;
				MARKETING_VERSION = 1.0;
				PRODUCT_BUNDLE_IDENTIFIER = "com.ericasampson.-00DS-P5-WordScrambleTests";
				PRODUCT_NAME = "$(TARGET_NAME)";
				SWIFT_EMIT_LOC_STRINGS = NO;
				SWIFT_VERSION = 5.0;
				TARGETED_DEVICE_FAMILY = "1,2";
				TEST_HOST = "$(BUILT_PRODUCTS_DIR)/100DS-P5-WordScramble.app/$(BUNDLE_EXECUTABLE_FOLDER_PATH)/100DS-P5-WordScramble";
			};
			name = Debug;
		};
		B0FBACE32C46A8E3002FFFBA /* Release */ = {
			isa = XCBuildConfiguration;
			buildSettings = {
				ALWAYS_EMBED_SWIFT_STANDARD_LIBRARIES = YES;
				BUNDLE_LOADER = "$(TEST_HOST)";
				CODE_SIGN_STYLE = Automatic;
				CURRENT_PROJECT_VERSION = 1;
				DEVELOPMENT_TEAM = A32G58NZ3G;
				GENERATE_INFOPLIST_FILE = YES;
				IPHONEOS_DEPLOYMENT_TARGET = 17.5;
				MARKETING_VERSION = 1.0;
				PRODUCT_BUNDLE_IDENTIFIER = "com.ericasampson.-00DS-P5-WordScrambleTests";
				PRODUCT_NAME = "$(TARGET_NAME)";
				SWIFT_EMIT_LOC_STRINGS = NO;
				SWIFT_VERSION = 5.0;
				TARGETED_DEVICE_FAMILY = "1,2";
				TEST_HOST = "$(BUILT_PRODUCTS_DIR)/100DS-P5-WordScramble.app/$(BUNDLE_EXECUTABLE_FOLDER_PATH)/100DS-P5-WordScramble";
			};
			name = Release;
		};
		B0FBACE52C46A8E3002FFFBA /* Debug */ = {
			isa = XCBuildConfiguration;
			buildSettings = {
				ALWAYS_EMBED_SWIFT_STANDARD_LIBRARIES = YES;
				CODE_SIGN_STYLE = Automatic;
				CURRENT_PROJECT_VERSION = 1;
				DEVELOPMENT_TEAM = A32G58NZ3G;
				GENERATE_INFOPLIST_FILE = YES;
				MARKETING_VERSION = 1.0;
				PRODUCT_BUNDLE_IDENTIFIER = "com.ericasampson.-00DS-P5-WordScrambleUITests";
				PRODUCT_NAME = "$(TARGET_NAME)";
				SWIFT_EMIT_LOC_STRINGS = NO;
				SWIFT_VERSION = 5.0;
				TARGETED_DEVICE_FAMILY = "1,2";
				TEST_TARGET_NAME = "100DS-P5-WordScramble";
			};
			name = Debug;
		};
		B0FBACE62C46A8E3002FFFBA /* Release */ = {
			isa = XCBuildConfiguration;
			buildSettings = {
				ALWAYS_EMBED_SWIFT_STANDARD_LIBRARIES = YES;
				CODE_SIGN_STYLE = Automatic;
				CURRENT_PROJECT_VERSION = 1;
				DEVELOPMENT_TEAM = A32G58NZ3G;
				GENERATE_INFOPLIST_FILE = YES;
				MARKETING_VERSION = 1.0;
				PRODUCT_BUNDLE_IDENTIFIER = "com.ericasampson.-00DS-P5-WordScrambleUITests";
				PRODUCT_NAME = "$(TARGET_NAME)";
				SWIFT_EMIT_LOC_STRINGS = NO;
				SWIFT_VERSION = 5.0;
				TARGETED_DEVICE_FAMILY = "1,2";
				TEST_TARGET_NAME = "100DS-P5-WordScramble";
			};
			name = Release;
		};
/* End XCBuildConfiguration section */

/* Begin XCConfigurationList section */
		B0FBACB52C46A8DF002FFFBA /* Build configuration list for PBXProject "100DS-P5-WordScramble" */ = {
			isa = XCConfigurationList;
			buildConfigurations = (
				B0FBACDC2C46A8E3002FFFBA /* Debug */,
				B0FBACDD2C46A8E3002FFFBA /* Release */,
			);
			defaultConfigurationIsVisible = 0;
			defaultConfigurationName = Release;
		};
		B0FBACDE2C46A8E3002FFFBA /* Build configuration list for PBXNativeTarget "100DS-P5-WordScramble" */ = {
			isa = XCConfigurationList;
			buildConfigurations = (
				B0FBACDF2C46A8E3002FFFBA /* Debug */,
				B0FBACE02C46A8E3002FFFBA /* Release */,
			);
			defaultConfigurationIsVisible = 0;
			defaultConfigurationName = Release;
		};
		B0FBACE12C46A8E3002FFFBA /* Build configuration list for PBXNativeTarget "100DS-P5-WordScrambleTests" */ = {
			isa = XCConfigurationList;
			buildConfigurations = (
				B0FBACE22C46A8E3002FFFBA /* Debug */,
				B0FBACE32C46A8E3002FFFBA /* Release */,
			);
			defaultConfigurationIsVisible = 0;
			defaultConfigurationName = Release;
		};
		B0FBACE42C46A8E3002FFFBA /* Build configuration list for PBXNativeTarget "100DS-P5-WordScrambleUITests" */ = {
			isa = XCConfigurationList;
			buildConfigurations = (
				B0FBACE52C46A8E3002FFFBA /* Debug */,
				B0FBACE62C46A8E3002FFFBA /* Release */,
			);
			defaultConfigurationIsVisible = 0;
			defaultConfigurationName = Release;
		};
/* End XCConfigurationList section */
	};
	rootObject = B0FBACB22C46A8DF002FFFBA /* Project object */;
}
